
Microsoft Visual Studio Solution File, Format Version 12.00
# Visual Studio 15
VisualStudioVersion = 15.0.27428.2043
MinimumVisualStudioVersion = 10.0.40219.1
Project("{FAE04EC0-301F-11D3-BF4B-00C04F79EFBC}") = "GestorArchivos", "GestorArchivos\GestorArchivos.csproj", "{18FF694B-B8E7-4435-A8A0-0AF1688AE1B1}"
EndProject
Project("{FAE04EC0-301F-11D3-BF4B-00C04F79EFBC}") = "Ejemplos-archivos", "Ejemplos-archivos\Ejemplos-archivos.csproj", "{74FA105E-A113-4208-ABC5-7382DE8D29D4}"
EndProject
Global
	GlobalSection(SolutionConfigurationPlatforms) = preSolution
		Debug|Any CPU = Debug|Any CPU
		Release|Any CPU = Release|Any CPU
	EndGlobalSection
	GlobalSection(ProjectConfigurationPlatforms) = postSolution
		{18FF694B-B8E7-4435-A8A0-0AF1688AE1B1}.Debug|Any CPU.ActiveCfg = Debug|Any CPU
		{18FF694B-B8E7-4435-A8A0-0AF1688AE1B1}.Debug|Any CPU.Build.0 = Debug|Any CPU
		{18FF694B-B8E7-4435-A8A0-0AF1688AE1B1}.Release|Any CPU.ActiveCfg = Release|Any CPU
		{18FF694B-B8E7-4435-A8A0-0AF1688AE1B1}.Release|Any CPU.Build.0 = Release|Any CPU
		{74FA105E-A113-4208-ABC5-7382DE8D29D4}.Debug|Any CPU.ActiveCfg = Debug|Any CPU
		{74FA105E-A113-4208-ABC5-7382DE8D29D4}.Debug|Any CPU.Build.0 = Debug|Any CPU
		{74FA105E-A113-4208-ABC5-7382DE8D29D4}.Release|Any CPU.ActiveCfg = Release|Any CPU
		{74FA105E-A113-4208-ABC5-7382DE8D29D4}.Release|Any CPU.Build.0 = Release|Any CPU
	EndGlobalSection
	GlobalSection(SolutionProperties) = preSolution
		HideSolutionNode = FALSE
	EndGlobalSection
	GlobalSection(ExtensibilityGlobals) = postSolution
		SolutionGuid = {2F949606-59B7-4CCB-85E6-A6C3753A915E}
	EndGlobalSection
EndGlobal
